// !$*UTF8*$!
{
	archiveVersion = 1;
	classes = {
	};
	objectVersion = 46;
	objects = {

/* Begin PBXBuildFile section */
		4CBEE11A1A95755C00B87C6C /* AppDelegate.swift in Sources */ = {isa = PBXBuildFile; fileRef = 4CBEE1191A95755C00B87C6C /* AppDelegate.swift */; };
		4CBEE11C1A95755C00B87C6C /* ViewController.swift in Sources */ = {isa = PBXBuildFile; fileRef = 4CBEE11B1A95755C00B87C6C /* ViewController.swift */; };
		4CBEE11F1A95755C00B87C6C /* Main.storyboard in Resources */ = {isa = PBXBuildFile; fileRef = 4CBEE11D1A95755C00B87C6C /* Main.storyboard */; };
		4CBEE1211A95755C00B87C6C /* Images.xcassets in Resources */ = {isa = PBXBuildFile; fileRef = 4CBEE1201A95755C00B87C6C /* Images.xcassets */; };
		4CBEE1241A95755C00B87C6C /* LaunchScreen.xib in Resources */ = {isa = PBXBuildFile; fileRef = 4CBEE1221A95755C00B87C6C /* LaunchScreen.xib */; };
		4CBEE1301A95755C00B87C6C /* GroupAssignment2Tests.swift in Sources */ = {isa = PBXBuildFile; fileRef = 4CBEE12F1A95755C00B87C6C /* GroupAssignment2Tests.swift */; };
/* End PBXBuildFile section */

/* Begin PBXContainerItemProxy section */
		4CBEE12A1A95755C00B87C6C /* PBXContainerItemProxy */ = {
			isa = PBXContainerItemProxy;
			containerPortal = 4CBEE10C1A95755C00B87C6C /* Project object */;
			proxyType = 1;
			remoteGlobalIDString = 4CBEE1131A95755C00B87C6C;
			remoteInfo = GroupAssignment2;
		};
/* End PBXContainerItemProxy section */

/* Begin PBXFileReference section */
		4CBEE1141A95755C00B87C6C /* GroupAssignment2.app */ = {isa = PBXFileReference; explicitFileType = wrapper.application; includeInIndex = 0; path = GroupAssignment2.app; sourceTree = BUILT_PRODUCTS_DIR; };
		4CBEE1181A95755C00B87C6C /* Info.plist */ = {isa = PBXFileReference; lastKnownFileType = text.plist.xml; path = Info.plist; sourceTree = "<group>"; };
		4CBEE1191A95755C00B87C6C /* AppDelegate.swift */ = {isa = PBXFileReference; lastKnownFileType = sourcecode.swift; path = AppDelegate.swift; sourceTree = "<group>"; };
		4CBEE11B1A95755C00B87C6C /* ViewController.swift */ = {isa = PBXFileReference; lastKnownFileType = sourcecode.swift; path = ViewController.swift; sourceTree = "<group>"; };
		4CBEE11E1A95755C00B87C6C /* Base */ = {isa = PBXFileReference; lastKnownFileType = file.storyboard; name = Base; path = Base.lproj/Main.storyboard; sourceTree = "<group>"; };
		4CBEE1201A95755C00B87C6C /* Images.xcassets */ = {isa = PBXFileReference; lastKnownFileType = folder.assetcatalog; path = Images.xcassets; sourceTree = "<group>"; };
		4CBEE1231A95755C00B87C6C /* Base */ = {isa = PBXFileReference; lastKnownFileType = file.xib; name = Base; path = Base.lproj/LaunchScreen.xib; sourceTree = "<group>"; };
		4CBEE1291A95755C00B87C6C /* GroupAssignment2Tests.xctest */ = {isa = PBXFileReference; explicitFileType = wrapper.cfbundle; includeInIndex = 0; path = GroupAssignment2Tests.xctest; sourceTree = BUILT_PRODUCTS_DIR; };
		4CBEE12E1A95755C00B87C6C /* Info.plist */ = {isa = PBXFileReference; lastKnownFileType = text.plist.xml; path = Info.plist; sourceTree = "<group>"; };
		4CBEE12F1A95755C00B87C6C /* GroupAssignment2Tests.swift */ = {isa = PBXFileReference; lastKnownFileType = sourcecode.swift; path = GroupAssignment2Tests.swift; sourceTree = "<group>"; };
/* End PBXFileReference section */

/* Begin PBXFrameworksBuildPhase section */
		4CBEE1111A95755C00B87C6C /* Frameworks */ = {
			isa = PBXFrameworksBuildPhase;
			buildActionMask = 2147483647;
			files = (
			);
			runOnlyForDeploymentPostprocessing = 0;
		};
		4CBEE1261A95755C00B87C6C /* Frameworks */ = {
			isa = PBXFrameworksBuildPhase;
			buildActionMask = 2147483647;
			files = (
			);
			runOnlyForDeploymentPostprocessing = 0;
		};
/* End PBXFrameworksBuildPhase section */

/* Begin PBXGroup section */
		4CBEE10B1A95755C00B87C6C = {
			isa = PBXGroup;
			children = (
				4CBEE1161A95755C00B87C6C /* GroupAssignment2 */,
				4CBEE12C1A95755C00B87C6C /* GroupAssignment2Tests */,
				4CBEE1151A95755C00B87C6C /* Products */,
			);
			sourceTree = "<group>";
		};
		4CBEE1151A95755C00B87C6C /* Products */ = {
			isa = PBXGroup;
			children = (
				4CBEE1141A95755C00B87C6C /* GroupAssignment2.app */,
				4CBEE1291A95755C00B87C6C /* GroupAssignment2Tests.xctest */,
			);
			name = Products;
			sourceTree = "<group>";
		};
		4CBEE1161A95755C00B87C6C /* GroupAssignment2 */ = {
			isa = PBXGroup;
			children = (
				4CBEE1191A95755C00B87C6C /* AppDelegate.swift */,
				4CBEE11B1A95755C00B87C6C /* ViewController.swift */,
				4CBEE11D1A95755C00B87C6C /* Main.storyboard */,
				4CBEE1201A95755C00B87C6C /* Images.xcassets */,
				4CBEE1221A95755C00B87C6C /* LaunchScreen.xib */,
				4CBEE1171A95755C00B87C6C /* Supporting Files */,
			);
			path = GroupAssignment2;
			sourceTree = "<group>";
		};
		4CBEE1171A95755C00B87C6C /* Supporting Files */ = {
			isa = PBXGroup;
			children = (
				4CBEE1181A95755C00B87C6C /* Info.plist */,
			);
			name = "Supporting Files";
			sourceTree = "<group>";
		};
		4CBEE12C1A95755C00B87C6C /* GroupAssignment2Tests */ = {
			isa = PBXGroup;
			children = (
				4CBEE12F1A95755C00B87C6C /* GroupAssignment2Tests.swift */,
				4CBEE12D1A95755C00B87C6C /* Supporting Files */,
			);
			path = GroupAssignment2Tests;
			sourceTree = "<group>";
		};
		4CBEE12D1A95755C00B87C6C /* Supporting Files */ = {
			isa = PBXGroup;
			children = (
				4CBEE12E1A95755C00B87C6C /* Info.plist */,
			);
			name = "Supporting Files";
			sourceTree = "<group>";
		};
/* End PBXGroup section */

/* Begin PBXNativeTarget section */
		4CBEE1131A95755C00B87C6C /* GroupAssignment2 */ = {
			isa = PBXNativeTarget;
			buildConfigurationList = 4CBEE1331A95755C00B87C6C /* Build configuration list for PBXNativeTarget "GroupAssignment2" */;
			buildPhases = (
				4CBEE1101A95755C00B87C6C /* Sources */,
				4CBEE1111A95755C00B87C6C /* Frameworks */,
				4CBEE1121A95755C00B87C6C /* Resources */,
			);
			buildRules = (
			);
			dependencies = (
			);
			name = GroupAssignment2;
			productName = GroupAssignment2;
			productReference = 4CBEE1141A95755C00B87C6C /* GroupAssignment2.app */;
			productType = "com.apple.product-type.application";
		};
		4CBEE1281A95755C00B87C6C /* GroupAssignment2Tests */ = {
			isa = PBXNativeTarget;
			buildConfigurationList = 4CBEE1361A95755C00B87C6C /* Build configuration list for PBXNativeTarget "GroupAssignment2Tests" */;
			buildPhases = (
				4CBEE1251A95755C00B87C6C /* Sources */,
				4CBEE1261A95755C00B87C6C /* Frameworks */,
				4CBEE1271A95755C00B87C6C /* Resources */,
			);
			buildRules = (
			);
			dependencies = (
				4CBEE12B1A95755C00B87C6C /* PBXTargetDependency */,
			);
			name = GroupAssignment2Tests;
			productName = GroupAssignment2Tests;
			productReference = 4CBEE1291A95755C00B87C6C /* GroupAssignment2Tests.xctest */;
			productType = "com.apple.product-type.bundle.unit-test";
		};
/* End PBXNativeTarget section */

/* Begin PBXProject section */
		4CBEE10C1A95755C00B87C6C /* Project object */ = {
			isa = PBXProject;
			attributes = {
				LastUpgradeCheck = 0610;
				ORGANIZATIONNAME = "Kelsey Martin";
				TargetAttributes = {
					4CBEE1131A95755C00B87C6C = {
						CreatedOnToolsVersion = 6.1.1;
					};
					4CBEE1281A95755C00B87C6C = {
						CreatedOnToolsVersion = 6.1.1;
						TestTargetID = 4CBEE1131A95755C00B87C6C;
					};
				};
			};
			buildConfigurationList = 4CBEE10F1A95755C00B87C6C /* Build configuration list for PBXProject "GroupAssignment2" */;
			compatibilityVersion = "Xcode 3.2";
			developmentRegion = English;
			hasScannedForEncodings = 0;
			knownRegions = (
				en,
				Base,
			);
			mainGroup = 4CBEE10B1A95755C00B87C6C;
			productRefGroup = 4CBEE1151A95755C00B87C6C /* Products */;
			projectDirPath = "";
			projectRoot = "";
			targets = (
				4CBEE1131A95755C00B87C6C /* GroupAssignment2 */,
				4CBEE1281A95755C00B87C6C /* GroupAssignment2Tests */,
			);
		};
/* End PBXProject section */

/* Begin PBXResourcesBuildPhase section */
		4CBEE1121A95755C00B87C6C /* Resources */ = {
			isa = PBXResourcesBuildPhase;
			buildActionMask = 2147483647;
			files = (
				4CBEE11F1A95755C00B87C6C /* Main.storyboard in Resources */,
				4CBEE1241A95755C00B87C6C /* LaunchScreen.xib in Resources */,
				4CBEE1211A95755C00B87C6C /* Images.xcassets in Resources */,
			);
			runOnlyForDeploymentPostprocessing = 0;
		};
		4CBEE1271A95755C00B87C6C /* Resources */ = {
			isa = PBXResourcesBuildPhase;
			buildActionMask = 2147483647;
			files = (
			);
			runOnlyForDeploymentPostprocessing = 0;
		};
/* End PBXResourcesBuildPhase section */

/* Begin PBXSourcesBuildPhase section */
		4CBEE1101A95755C00B87C6C /* Sources */ = {
			isa = PBXSourcesBuildPhase;
			buildActionMask = 2147483647;
			files = (
				4CBEE11C1A95755C00B87C6C /* ViewController.swift in Sources */,
				4CBEE11A1A95755C00B87C6C /* AppDelegate.swift in Sources */,
			);
			runOnlyForDeploymentPostprocessing = 0;
		};
		4CBEE1251A95755C00B87C6C /* Sources */ = {
			isa = PBXSourcesBuildPhase;
			buildActionMask = 2147483647;
			files = (
				4CBEE1301A95755C00B87C6C /* GroupAssignment2Tests.swift in Sources */,
			);
			runOnlyForDeploymentPostprocessing = 0;
		};
/* End PBXSourcesBuildPhase section */

/* Begin PBXTargetDependency section */
		4CBEE12B1A95755C00B87C6C /* PBXTargetDependency */ = {
			isa = PBXTargetDependency;
			target = 4CBEE1131A95755C00B87C6C /* GroupAssignment2 */;
			targetProxy = 4CBEE12A1A95755C00B87C6C /* PBXContainerItemProxy */;
		};
/* End PBXTargetDependency section */

/* Begin PBXVariantGroup section */
		4CBEE11D1A95755C00B87C6C /* Main.storyboard */ = {
			isa = PBXVariantGroup;
			children = (
				4CBEE11E1A95755C00B87C6C /* Base */,
			);
			name = Main.storyboard;
			sourceTree = "<group>";
		};
		4CBEE1221A95755C00B87C6C /* LaunchScreen.xib */ = {
			isa = PBXVariantGroup;
			children = (
				4CBEE1231A95755C00B87C6C /* Base */,
			);
			name = LaunchScreen.xib;
			sourceTree = "<group>";
		};
/* End PBXVariantGroup section */

/* Begin XCBuildConfiguration section */
		4CBEE1311A95755C00B87C6C /* Debug */ = {
			isa = XCBuildConfiguration;
			buildSettings = {
				ALWAYS_SEARCH_USER_PATHS = NO;
				CLANG_CXX_LANGUAGE_STANDARD = "gnu++0x";
				CLANG_CXX_LIBRARY = "libc++";
				CLANG_ENABLE_MODULES = YES;
				CLANG_ENABLE_OBJC_ARC = YES;
				CLANG_WARN_BOOL_CONVERSION = YES;
				CLANG_WARN_CONSTANT_CONVERSION = YES;
				CLANG_WARN_DIRECT_OBJC_ISA_USAGE = YES_ERROR;
				CLANG_WARN_EMPTY_BODY = YES;
				CLANG_WARN_ENUM_CONVERSION = YES;
				CLANG_WARN_INT_CONVERSION = YES;
				CLANG_WARN_OBJC_ROOT_CLASS = YES_ERROR;
				CLANG_WARN_UNREACHABLE_CODE = YES;
				CLANG_WARN__DUPLICATE_METHOD_MATCH = YES;
				"CODE_SIGN_IDENTITY[sdk=iphoneos*]" = "iPhone Developer";
				COPY_PHASE_STRIP = NO;
				ENABLE_STRICT_OBJC_MSGSEND = YES;
				GCC_C_LANGUAGE_STANDARD = gnu99;
				GCC_DYNAMIC_NO_PIC = NO;
				GCC_OPTIMIZATION_LEVEL = 0;
				GCC_PREPROCESSOR_DEFINITIONS = (
					"DEBUG=1",
					"$(inherited)",
				);
				GCC_SYMBOLS_PRIVATE_EXTERN = NO;
				GCC_WARN_64_TO_32_BIT_CONVERSION = YES;
				GCC_WARN_ABOUT_RETURN_TYPE = YES_ERROR;
				GCC_WARN_UNDECLARED_SELECTOR = YES;
				GCC_WARN_UNINITIALIZED_AUTOS = YES_AGGRESSIVE;
				GCC_WARN_UNUSED_FUNCTION = YES;
				GCC_WARN_UNUSED_VARIABLE = YES;
				IPHONEOS_DEPLOYMENT_TARGET = 8.1;
				MTL_ENABLE_DEBUG_INFO = YES;
				ONLY_ACTIVE_ARCH = YES;
				SDKROOT = iphoneos;
				SWIFT_OPTIMIZATION_LEVEL = "-Onone";
			};
			name = Debug;
		};
		4CBEE1321A95755C00B87C6C /* Release */ = {
			isa = XCBuildConfiguration;
			buildSettings = {
				ALWAYS_SEARCH_USER_PATHS = NO;
				CLANG_CXX_LANGUAGE_STANDARD = "gnu++0x";
				CLANG_CXX_LIBRARY = "libc++";
				CLANG_ENABLE_MODULES = YES;
				CLANG_ENABLE_OBJC_ARC = YES;
				CLANG_WARN_BOOL_CONVERSION = YES;
				CLANG_WARN_CONSTANT_CONVERSION = YES;
				CLANG_WARN_DIRECT_OBJC_ISA_USAGE = YES_ERROR;
				CLANG_WARN_EMPTY_BODY = YES;
				CLANG_WARN_ENUM_CONVERSION = YES;
				CLANG_WARN_INT_CONVERSION = YES;
				CLANG_WARN_OBJC_ROOT_CLASS = YES_ERROR;
				CLANG_WARN_UNREACHABLE_CODE = YES;
				CLANG_WARN__DUPLICATE_METHOD_MATCH = YES;
				"CODE_SIGN_IDENTITY[sdk=iphoneos*]" = "iPhone Developer";
				COPY_PHASE_STRIP = YES;
				ENABLE_NS_ASSERTIONS = NO;
				ENABLE_STRICT_OBJC_MSGSEND = YES;
				GCC_C_LANGUAGE_STANDARD = gnu99;
				GCC_WARN_64_TO_32_BIT_CONVERSION = YES;
				GCC_WARN_ABOUT_RETURN_TYPE = YES_ERROR;
				GCC_WARN_UNDECLARED_SELECTOR = YES;
				GCC_WARN_UNINITIALIZED_AUTOS = YES_AGGRESSIVE;
				GCC_WARN_UNUSED_FUNCTION = YES;
				GCC_WARN_UNUSED_VARIABLE = YES;
				IPHONEOS_DEPLOYMENT_TARGET = 8.1;
				MTL_ENABLE_DEBUG_INFO = NO;
				SDKROOT = iphoneos;
				VALIDATE_PRODUCT = YES;
			};
			name = Release;
		};
		4CBEE1341A95755C00B87C6C /* Debug */ = {
			isa = XCBuildConfiguration;
			buildSettings = {
				ASSETCATALOG_COMPILER_APPICON_NAME = AppIcon;
				INFOPLIST_FILE = GroupAssignment2/Info.plist;
				LD_RUNPATH_SEARCH_PATHS = "$(inherited) @executable_path/Frameworks";
				PRODUCT_NAME = "$(TARGET_NAME)";
			};
			name = Debug;
		};
		4CBEE1351A95755C00B87C6C /* Release */ = {
			isa = XCBuildConfiguration;
			buildSettings = {
				ASSETCATALOG_COMPILER_APPICON_NAME = AppIcon;
				INFOPLIST_FILE = GroupAssignment2/Info.plist;
				LD_RUNPATH_SEARCH_PATHS = "$(inherited) @executable_path/Frameworks";
				PRODUCT_NAME = "$(TARGET_NAME)";
			};
			name = Release;
		};
		4CBEE1371A95755C00B87C6C /* Debug */ = {
			isa = XCBuildConfiguration;
			buildSettings = {
				BUNDLE_LOADER = "$(TEST_HOST)";
				FRAMEWORK_SEARCH_PATHS = (
					"$(SDKROOT)/Developer/Library/Frameworks",
					"$(inherited)",
				);
				GCC_PREPROCESSOR_DEFINITIONS = (
					"DEBUG=1",
					"$(inherited)",
				);
				INFOPLIST_FILE = GroupAssignment2Tests/Info.plist;
				LD_RUNPATH_SEARCH_PATHS = "$(inherited) @executable_path/Frameworks @loader_path/Frameworks";
				PRODUCT_NAME = "$(TARGET_NAME)";
				TEST_HOST = "$(BUILT_PRODUCTS_DIR)/GroupAssignment2.app/GroupAssignment2";
			};
			name = Debug;
		};
		4CBEE1381A95755C00B87C6C /* Release */ = {
			isa = XCBuildConfiguration;
			buildSettings = {
				BUNDLE_LOADER = "$(TEST_HOST)";
				FRAMEWORK_SEARCH_PATHS = (
					"$(SDKROOT)/Developer/Library/Frameworks",
					"$(inherited)",
				);
				INFOPLIST_FILE = GroupAssignment2Tests/Info.plist;
				LD_RUNPATH_SEARCH_PATHS = "$(inherited) @executable_path/Frameworks @loader_path/Frameworks";
				PRODUCT_NAME = "$(TARGET_NAME)";
				TEST_HOST = "$(BUILT_PRODUCTS_DIR)/GroupAssignment2.app/GroupAssignment2";
			};
			name = Release;
		};
/* End XCBuildConfiguration section */

/* Begin XCConfigurationList section */
		4CBEE10F1A95755C00B87C6C /* Build configuration list for PBXProject "GroupAssignment2" */ = {
			isa = XCConfigurationList;
			buildConfigurations = (
				4CBEE1311A95755C00B87C6C /* Debug */,
				4CBEE1321A95755C00B87C6C /* Release */,
			);
			defaultConfigurationIsVisible = 0;
			defaultConfigurationName = Release;
		};
		4CBEE1331A95755C00B87C6C /* Build configuration list for PBXNativeTarget "GroupAssignment2" */ = {
			isa = XCConfigurationList;
			buildConfigurations = (
				4CBEE1341A95755C00B87C6C /* Debug */,
				4CBEE1351A95755C00B87C6C /* Release */,
			);
			defaultConfigurationIsVisible = 0;
		};
		4CBEE1361A95755C00B87C6C /* Build configuration list for PBXNativeTarget "GroupAssignment2Tests" */ = {
			isa = XCConfigurationList;
			buildConfigurations = (
				4CBEE1371A95755C00B87C6C /* Debug */,
				4CBEE1381A95755C00B87C6C /* Release */,
			);
			defaultConfigurationIsVisible = 0;
		};
/* End XCConfigurationList section */
	};
	rootObject = 4CBEE10C1A95755C00B87C6C /* Project object */;
}
