// !$*UTF8*$!
{
	archiveVersion = 1;
	classes = {
	};
	objectVersion = 46;
	objects = {

/* Begin PBXBuildFile section */
		4CBEE0BE1A9560F800B87C6C /* AppDelegate.swift in Sources */ = {isa = PBXBuildFile; fileRef = 4CBEE0BD1A9560F800B87C6C /* AppDelegate.swift */; };
		4CBEE0C01A9560F800B87C6C /* ViewController.swift in Sources */ = {isa = PBXBuildFile; fileRef = 4CBEE0BF1A9560F800B87C6C /* ViewController.swift */; };
		4CBEE0C31A9560F800B87C6C /* Main.storyboard in Resources */ = {isa = PBXBuildFile; fileRef = 4CBEE0C11A9560F800B87C6C /* Main.storyboard */; };
		4CBEE0C51A9560F800B87C6C /* Images.xcassets in Resources */ = {isa = PBXBuildFile; fileRef = 4CBEE0C41A9560F800B87C6C /* Images.xcassets */; };
		4CBEE0C81A9560F800B87C6C /* LaunchScreen.xib in Resources */ = {isa = PBXBuildFile; fileRef = 4CBEE0C61A9560F800B87C6C /* LaunchScreen.xib */; };
		4CBEE0D41A9560F800B87C6C /* BkgdTests.swift in Sources */ = {isa = PBXBuildFile; fileRef = 4CBEE0D31A9560F800B87C6C /* BkgdTests.swift */; };
/* End PBXBuildFile section */

/* Begin PBXContainerItemProxy section */
		4CBEE0CE1A9560F800B87C6C /* PBXContainerItemProxy */ = {
			isa = PBXContainerItemProxy;
			containerPortal = 4CBEE0B01A9560F800B87C6C /* Project object */;
			proxyType = 1;
			remoteGlobalIDString = 4CBEE0B71A9560F800B87C6C;
			remoteInfo = Bkgd;
		};
/* End PBXContainerItemProxy section */

/* Begin PBXFileReference section */
		4CBEE0B81A9560F800B87C6C /* Bkgd.app */ = {isa = PBXFileReference; explicitFileType = wrapper.application; includeInIndex = 0; path = Bkgd.app; sourceTree = BUILT_PRODUCTS_DIR; };
		4CBEE0BC1A9560F800B87C6C /* Info.plist */ = {isa = PBXFileReference; lastKnownFileType = text.plist.xml; path = Info.plist; sourceTree = "<group>"; };
		4CBEE0BD1A9560F800B87C6C /* AppDelegate.swift */ = {isa = PBXFileReference; lastKnownFileType = sourcecode.swift; path = AppDelegate.swift; sourceTree = "<group>"; };
		4CBEE0BF1A9560F800B87C6C /* ViewController.swift */ = {isa = PBXFileReference; lastKnownFileType = sourcecode.swift; path = ViewController.swift; sourceTree = "<group>"; };
		4CBEE0C21A9560F800B87C6C /* Base */ = {isa = PBXFileReference; lastKnownFileType = file.storyboard; name = Base; path = Base.lproj/Main.storyboard; sourceTree = "<group>"; };
		4CBEE0C41A9560F800B87C6C /* Images.xcassets */ = {isa = PBXFileReference; lastKnownFileType = folder.assetcatalog; path = Images.xcassets; sourceTree = "<group>"; };
		4CBEE0C71A9560F800B87C6C /* Base */ = {isa = PBXFileReference; lastKnownFileType = file.xib; name = Base; path = Base.lproj/LaunchScreen.xib; sourceTree = "<group>"; };
		4CBEE0CD1A9560F800B87C6C /* BkgdTests.xctest */ = {isa = PBXFileReference; explicitFileType = wrapper.cfbundle; includeInIndex = 0; path = BkgdTests.xctest; sourceTree = BUILT_PRODUCTS_DIR; };
		4CBEE0D21A9560F800B87C6C /* Info.plist */ = {isa = PBXFileReference; lastKnownFileType = text.plist.xml; path = Info.plist; sourceTree = "<group>"; };
		4CBEE0D31A9560F800B87C6C /* BkgdTests.swift */ = {isa = PBXFileReference; lastKnownFileType = sourcecode.swift; path = BkgdTests.swift; sourceTree = "<group>"; };
/* End PBXFileReference section */

/* Begin PBXFrameworksBuildPhase section */
		4CBEE0B51A9560F800B87C6C /* Frameworks */ = {
			isa = PBXFrameworksBuildPhase;
			buildActionMask = 2147483647;
			files = (
			);
			runOnlyForDeploymentPostprocessing = 0;
		};
		4CBEE0CA1A9560F800B87C6C /* Frameworks */ = {
			isa = PBXFrameworksBuildPhase;
			buildActionMask = 2147483647;
			files = (
			);
			runOnlyForDeploymentPostprocessing = 0;
		};
/* End PBXFrameworksBuildPhase section */

/* Begin PBXGroup section */
		4CBEE0AF1A9560F800B87C6C = {
			isa = PBXGroup;
			children = (
				4CBEE0BA1A9560F800B87C6C /* Bkgd */,
				4CBEE0D01A9560F800B87C6C /* BkgdTests */,
				4CBEE0B91A9560F800B87C6C /* Products */,
			);
			sourceTree = "<group>";
		};
		4CBEE0B91A9560F800B87C6C /* Products */ = {
			isa = PBXGroup;
			children = (
				4CBEE0B81A9560F800B87C6C /* Bkgd.app */,
				4CBEE0CD1A9560F800B87C6C /* BkgdTests.xctest */,
			);
			name = Products;
			sourceTree = "<group>";
		};
		4CBEE0BA1A9560F800B87C6C /* Bkgd */ = {
			isa = PBXGroup;
			children = (
				4CBEE0BD1A9560F800B87C6C /* AppDelegate.swift */,
				4CBEE0BF1A9560F800B87C6C /* ViewController.swift */,
				4CBEE0C11A9560F800B87C6C /* Main.storyboard */,
				4CBEE0C41A9560F800B87C6C /* Images.xcassets */,
				4CBEE0C61A9560F800B87C6C /* LaunchScreen.xib */,
				4CBEE0BB1A9560F800B87C6C /* Supporting Files */,
			);
			path = Bkgd;
			sourceTree = "<group>";
		};
		4CBEE0BB1A9560F800B87C6C /* Supporting Files */ = {
			isa = PBXGroup;
			children = (
				4CBEE0BC1A9560F800B87C6C /* Info.plist */,
			);
			name = "Supporting Files";
			sourceTree = "<group>";
		};
		4CBEE0D01A9560F800B87C6C /* BkgdTests */ = {
			isa = PBXGroup;
			children = (
				4CBEE0D31A9560F800B87C6C /* BkgdTests.swift */,
				4CBEE0D11A9560F800B87C6C /* Supporting Files */,
			);
			path = BkgdTests;
			sourceTree = "<group>";
		};
		4CBEE0D11A9560F800B87C6C /* Supporting Files */ = {
			isa = PBXGroup;
			children = (
				4CBEE0D21A9560F800B87C6C /* Info.plist */,
			);
			name = "Supporting Files";
			sourceTree = "<group>";
		};
/* End PBXGroup section */

/* Begin PBXNativeTarget section */
		4CBEE0B71A9560F800B87C6C /* Bkgd */ = {
			isa = PBXNativeTarget;
			buildConfigurationList = 4CBEE0D71A9560F800B87C6C /* Build configuration list for PBXNativeTarget "Bkgd" */;
			buildPhases = (
				4CBEE0B41A9560F800B87C6C /* Sources */,
				4CBEE0B51A9560F800B87C6C /* Frameworks */,
				4CBEE0B61A9560F800B87C6C /* Resources */,
			);
			buildRules = (
			);
			dependencies = (
			);
			name = Bkgd;
			productName = Bkgd;
			productReference = 4CBEE0B81A9560F800B87C6C /* Bkgd.app */;
			productType = "com.apple.product-type.application";
		};
		4CBEE0CC1A9560F800B87C6C /* BkgdTests */ = {
			isa = PBXNativeTarget;
			buildConfigurationList = 4CBEE0DA1A9560F800B87C6C /* Build configuration list for PBXNativeTarget "BkgdTests" */;
			buildPhases = (
				4CBEE0C91A9560F800B87C6C /* Sources */,
				4CBEE0CA1A9560F800B87C6C /* Frameworks */,
				4CBEE0CB1A9560F800B87C6C /* Resources */,
			);
			buildRules = (
			);
			dependencies = (
				4CBEE0CF1A9560F800B87C6C /* PBXTargetDependency */,
			);
			name = BkgdTests;
			productName = BkgdTests;
			productReference = 4CBEE0CD1A9560F800B87C6C /* BkgdTests.xctest */;
			productType = "com.apple.product-type.bundle.unit-test";
		};
/* End PBXNativeTarget section */

/* Begin PBXProject section */
		4CBEE0B01A9560F800B87C6C /* Project object */ = {
			isa = PBXProject;
			attributes = {
				LastUpgradeCheck = 0610;
				ORGANIZATIONNAME = "Kelsey Martin";
				TargetAttributes = {
					4CBEE0B71A9560F800B87C6C = {
						CreatedOnToolsVersion = 6.1.1;
					};
					4CBEE0CC1A9560F800B87C6C = {
						CreatedOnToolsVersion = 6.1.1;
						TestTargetID = 4CBEE0B71A9560F800B87C6C;
					};
				};
			};
			buildConfigurationList = 4CBEE0B31A9560F800B87C6C /* Build configuration list for PBXProject "Bkgd" */;
			compatibilityVersion = "Xcode 3.2";
			developmentRegion = English;
			hasScannedForEncodings = 0;
			knownRegions = (
				en,
				Base,
			);
			mainGroup = 4CBEE0AF1A9560F800B87C6C;
			productRefGroup = 4CBEE0B91A9560F800B87C6C /* Products */;
			projectDirPath = "";
			projectRoot = "";
			targets = (
				4CBEE0B71A9560F800B87C6C /* Bkgd */,
				4CBEE0CC1A9560F800B87C6C /* BkgdTests */,
			);
		};
/* End PBXProject section */

/* Begin PBXResourcesBuildPhase section */
		4CBEE0B61A9560F800B87C6C /* Resources */ = {
			isa = PBXResourcesBuildPhase;
			buildActionMask = 2147483647;
			files = (
				4CBEE0C31A9560F800B87C6C /* Main.storyboard in Resources */,
				4CBEE0C81A9560F800B87C6C /* LaunchScreen.xib in Resources */,
				4CBEE0C51A9560F800B87C6C /* Images.xcassets in Resources */,
			);
			runOnlyForDeploymentPostprocessing = 0;
		};
		4CBEE0CB1A9560F800B87C6C /* Resources */ = {
			isa = PBXResourcesBuildPhase;
			buildActionMask = 2147483647;
			files = (
			);
			runOnlyForDeploymentPostprocessing = 0;
		};
/* End PBXResourcesBuildPhase section */

/* Begin PBXSourcesBuildPhase section */
		4CBEE0B41A9560F800B87C6C /* Sources */ = {
			isa = PBXSourcesBuildPhase;
			buildActionMask = 2147483647;
			files = (
				4CBEE0C01A9560F800B87C6C /* ViewController.swift in Sources */,
				4CBEE0BE1A9560F800B87C6C /* AppDelegate.swift in Sources */,
			);
			runOnlyForDeploymentPostprocessing = 0;
		};
		4CBEE0C91A9560F800B87C6C /* Sources */ = {
			isa = PBXSourcesBuildPhase;
			buildActionMask = 2147483647;
			files = (
				4CBEE0D41A9560F800B87C6C /* BkgdTests.swift in Sources */,
			);
			runOnlyForDeploymentPostprocessing = 0;
		};
/* End PBXSourcesBuildPhase section */

/* Begin PBXTargetDependency section */
		4CBEE0CF1A9560F800B87C6C /* PBXTargetDependency */ = {
			isa = PBXTargetDependency;
			target = 4CBEE0B71A9560F800B87C6C /* Bkgd */;
			targetProxy = 4CBEE0CE1A9560F800B87C6C /* PBXContainerItemProxy */;
		};
/* End PBXTargetDependency section */

/* Begin PBXVariantGroup section */
		4CBEE0C11A9560F800B87C6C /* Main.storyboard */ = {
			isa = PBXVariantGroup;
			children = (
				4CBEE0C21A9560F800B87C6C /* Base */,
			);
			name = Main.storyboard;
			sourceTree = "<group>";
		};
		4CBEE0C61A9560F800B87C6C /* LaunchScreen.xib */ = {
			isa = PBXVariantGroup;
			children = (
				4CBEE0C71A9560F800B87C6C /* Base */,
			);
			name = LaunchScreen.xib;
			sourceTree = "<group>";
		};
/* End PBXVariantGroup section */

/* Begin XCBuildConfiguration section */
		4CBEE0D51A9560F800B87C6C /* Debug */ = {
			isa = XCBuildConfiguration;
			buildSettings = {
				ALWAYS_SEARCH_USER_PATHS = NO;
				CLANG_CXX_LANGUAGE_STANDARD = "gnu++0x";
				CLANG_CXX_LIBRARY = "libc++";
				CLANG_ENABLE_MODULES = YES;
				CLANG_ENABLE_OBJC_ARC = YES;
				CLANG_WARN_BOOL_CONVERSION = YES;
				CLANG_WARN_CONSTANT_CONVERSION = YES;
				CLANG_WARN_DIRECT_OBJC_ISA_USAGE = YES_ERROR;
				CLANG_WARN_EMPTY_BODY = YES;
				CLANG_WARN_ENUM_CONVERSION = YES;
				CLANG_WARN_INT_CONVERSION = YES;
				CLANG_WARN_OBJC_ROOT_CLASS = YES_ERROR;
				CLANG_WARN_UNREACHABLE_CODE = YES;
				CLANG_WARN__DUPLICATE_METHOD_MATCH = YES;
				"CODE_SIGN_IDENTITY[sdk=iphoneos*]" = "iPhone Developer";
				COPY_PHASE_STRIP = NO;
				ENABLE_STRICT_OBJC_MSGSEND = YES;
				GCC_C_LANGUAGE_STANDARD = gnu99;
				GCC_DYNAMIC_NO_PIC = NO;
				GCC_OPTIMIZATION_LEVEL = 0;
				GCC_PREPROCESSOR_DEFINITIONS = (
					"DEBUG=1",
					"$(inherited)",
				);
				GCC_SYMBOLS_PRIVATE_EXTERN = NO;
				GCC_WARN_64_TO_32_BIT_CONVERSION = YES;
				GCC_WARN_ABOUT_RETURN_TYPE = YES_ERROR;
				GCC_WARN_UNDECLARED_SELECTOR = YES;
				GCC_WARN_UNINITIALIZED_AUTOS = YES_AGGRESSIVE;
				GCC_WARN_UNUSED_FUNCTION = YES;
				GCC_WARN_UNUSED_VARIABLE = YES;
				IPHONEOS_DEPLOYMENT_TARGET = 8.1;
				MTL_ENABLE_DEBUG_INFO = YES;
				ONLY_ACTIVE_ARCH = YES;
				SDKROOT = iphoneos;
				SWIFT_OPTIMIZATION_LEVEL = "-Onone";
			};
			name = Debug;
		};
		4CBEE0D61A9560F800B87C6C /* Release */ = {
			isa = XCBuildConfiguration;
			buildSettings = {
				ALWAYS_SEARCH_USER_PATHS = NO;
				CLANG_CXX_LANGUAGE_STANDARD = "gnu++0x";
				CLANG_CXX_LIBRARY = "libc++";
				CLANG_ENABLE_MODULES = YES;
				CLANG_ENABLE_OBJC_ARC = YES;
				CLANG_WARN_BOOL_CONVERSION = YES;
				CLANG_WARN_CONSTANT_CONVERSION = YES;
				CLANG_WARN_DIRECT_OBJC_ISA_USAGE = YES_ERROR;
				CLANG_WARN_EMPTY_BODY = YES;
				CLANG_WARN_ENUM_CONVERSION = YES;
				CLANG_WARN_INT_CONVERSION = YES;
				CLANG_WARN_OBJC_ROOT_CLASS = YES_ERROR;
				CLANG_WARN_UNREACHABLE_CODE = YES;
				CLANG_WARN__DUPLICATE_METHOD_MATCH = YES;
				"CODE_SIGN_IDENTITY[sdk=iphoneos*]" = "iPhone Developer";
				COPY_PHASE_STRIP = YES;
				ENABLE_NS_ASSERTIONS = NO;
				ENABLE_STRICT_OBJC_MSGSEND = YES;
				GCC_C_LANGUAGE_STANDARD = gnu99;
				GCC_WARN_64_TO_32_BIT_CONVERSION = YES;
				GCC_WARN_ABOUT_RETURN_TYPE = YES_ERROR;
				GCC_WARN_UNDECLARED_SELECTOR = YES;
				GCC_WARN_UNINITIALIZED_AUTOS = YES_AGGRESSIVE;
				GCC_WARN_UNUSED_FUNCTION = YES;
				GCC_WARN_UNUSED_VARIABLE = YES;
				IPHONEOS_DEPLOYMENT_TARGET = 8.1;
				MTL_ENABLE_DEBUG_INFO = NO;
				SDKROOT = iphoneos;
				VALIDATE_PRODUCT = YES;
			};
			name = Release;
		};
		4CBEE0D81A9560F800B87C6C /* Debug */ = {
			isa = XCBuildConfiguration;
			buildSettings = {
				ASSETCATALOG_COMPILER_APPICON_NAME = AppIcon;
				INFOPLIST_FILE = Bkgd/Info.plist;
				LD_RUNPATH_SEARCH_PATHS = "$(inherited) @executable_path/Frameworks";
				PRODUCT_NAME = "$(TARGET_NAME)";
			};
			name = Debug;
		};
		4CBEE0D91A9560F800B87C6C /* Release */ = {
			isa = XCBuildConfiguration;
			buildSettings = {
				ASSETCATALOG_COMPILER_APPICON_NAME = AppIcon;
				INFOPLIST_FILE = Bkgd/Info.plist;
				LD_RUNPATH_SEARCH_PATHS = "$(inherited) @executable_path/Frameworks";
				PRODUCT_NAME = "$(TARGET_NAME)";
			};
			name = Release;
		};
		4CBEE0DB1A9560F800B87C6C /* Debug */ = {
			isa = XCBuildConfiguration;
			buildSettings = {
				BUNDLE_LOADER = "$(TEST_HOST)";
				FRAMEWORK_SEARCH_PATHS = (
					"$(SDKROOT)/Developer/Library/Frameworks",
					"$(inherited)",
				);
				GCC_PREPROCESSOR_DEFINITIONS = (
					"DEBUG=1",
					"$(inherited)",
				);
				INFOPLIST_FILE = BkgdTests/Info.plist;
				LD_RUNPATH_SEARCH_PATHS = "$(inherited) @executable_path/Frameworks @loader_path/Frameworks";
				PRODUCT_NAME = "$(TARGET_NAME)";
				TEST_HOST = "$(BUILT_PRODUCTS_DIR)/Bkgd.app/Bkgd";
			};
			name = Debug;
		};
		4CBEE0DC1A9560F800B87C6C /* Release */ = {
			isa = XCBuildConfiguration;
			buildSettings = {
				BUNDLE_LOADER = "$(TEST_HOST)";
				FRAMEWORK_SEARCH_PATHS = (
					"$(SDKROOT)/Developer/Library/Frameworks",
					"$(inherited)",
				);
				INFOPLIST_FILE = BkgdTests/Info.plist;
				LD_RUNPATH_SEARCH_PATHS = "$(inherited) @executable_path/Frameworks @loader_path/Frameworks";
				PRODUCT_NAME = "$(TARGET_NAME)";
				TEST_HOST = "$(BUILT_PRODUCTS_DIR)/Bkgd.app/Bkgd";
			};
			name = Release;
		};
/* End XCBuildConfiguration section */

/* Begin XCConfigurationList section */
		4CBEE0B31A9560F800B87C6C /* Build configuration list for PBXProject "Bkgd" */ = {
			isa = XCConfigurationList;
			buildConfigurations = (
				4CBEE0D51A9560F800B87C6C /* Debug */,
				4CBEE0D61A9560F800B87C6C /* Release */,
			);
			defaultConfigurationIsVisible = 0;
			defaultConfigurationName = Release;
		};
		4CBEE0D71A9560F800B87C6C /* Build configuration list for PBXNativeTarget "Bkgd" */ = {
			isa = XCConfigurationList;
			buildConfigurations = (
				4CBEE0D81A9560F800B87C6C /* Debug */,
				4CBEE0D91A9560F800B87C6C /* Release */,
			);
			defaultConfigurationIsVisible = 0;
		};
		4CBEE0DA1A9560F800B87C6C /* Build configuration list for PBXNativeTarget "BkgdTests" */ = {
			isa = XCConfigurationList;
			buildConfigurations = (
				4CBEE0DB1A9560F800B87C6C /* Debug */,
				4CBEE0DC1A9560F800B87C6C /* Release */,
			);
			defaultConfigurationIsVisible = 0;
		};
/* End XCConfigurationList section */
	};
	rootObject = 4CBEE0B01A9560F800B87C6C /* Project object */;
}
