// !$*UTF8*$!
{
	archiveVersion = 1;
	classes = {
	};
	objectVersion = 46;
	objects = {

/* Begin PBXBuildFile section */
		4CBEE0EC1A95689500B87C6C /* AppDelegate.swift in Sources */ = {isa = PBXBuildFile; fileRef = 4CBEE0EB1A95689500B87C6C /* AppDelegate.swift */; };
		4CBEE0EE1A95689500B87C6C /* ViewController.swift in Sources */ = {isa = PBXBuildFile; fileRef = 4CBEE0ED1A95689500B87C6C /* ViewController.swift */; };
		4CBEE0F11A95689500B87C6C /* Main.storyboard in Resources */ = {isa = PBXBuildFile; fileRef = 4CBEE0EF1A95689500B87C6C /* Main.storyboard */; };
		4CBEE0F31A95689500B87C6C /* Images.xcassets in Resources */ = {isa = PBXBuildFile; fileRef = 4CBEE0F21A95689500B87C6C /* Images.xcassets */; };
		4CBEE0F61A95689500B87C6C /* LaunchScreen.xib in Resources */ = {isa = PBXBuildFile; fileRef = 4CBEE0F41A95689500B87C6C /* LaunchScreen.xib */; };
		4CBEE1021A95689500B87C6C /* Athlete_101Tests.swift in Sources */ = {isa = PBXBuildFile; fileRef = 4CBEE1011A95689500B87C6C /* Athlete_101Tests.swift */; };
/* End PBXBuildFile section */

/* Begin PBXContainerItemProxy section */
		4CBEE0FC1A95689500B87C6C /* PBXContainerItemProxy */ = {
			isa = PBXContainerItemProxy;
			containerPortal = 4CBEE0DE1A95689500B87C6C /* Project object */;
			proxyType = 1;
			remoteGlobalIDString = 4CBEE0E51A95689500B87C6C;
			remoteInfo = "Athlete 101";
		};
/* End PBXContainerItemProxy section */

/* Begin PBXFileReference section */
		4CBEE0E61A95689500B87C6C /* Athlete 101.app */ = {isa = PBXFileReference; explicitFileType = wrapper.application; includeInIndex = 0; path = "Athlete 101.app"; sourceTree = BUILT_PRODUCTS_DIR; };
		4CBEE0EA1A95689500B87C6C /* Info.plist */ = {isa = PBXFileReference; lastKnownFileType = text.plist.xml; path = Info.plist; sourceTree = "<group>"; };
		4CBEE0EB1A95689500B87C6C /* AppDelegate.swift */ = {isa = PBXFileReference; lastKnownFileType = sourcecode.swift; path = AppDelegate.swift; sourceTree = "<group>"; };
		4CBEE0ED1A95689500B87C6C /* ViewController.swift */ = {isa = PBXFileReference; lastKnownFileType = sourcecode.swift; path = ViewController.swift; sourceTree = "<group>"; };
		4CBEE0F01A95689500B87C6C /* Base */ = {isa = PBXFileReference; lastKnownFileType = file.storyboard; name = Base; path = Base.lproj/Main.storyboard; sourceTree = "<group>"; };
		4CBEE0F21A95689500B87C6C /* Images.xcassets */ = {isa = PBXFileReference; lastKnownFileType = folder.assetcatalog; path = Images.xcassets; sourceTree = "<group>"; };
		4CBEE0F51A95689500B87C6C /* Base */ = {isa = PBXFileReference; lastKnownFileType = file.xib; name = Base; path = Base.lproj/LaunchScreen.xib; sourceTree = "<group>"; };
		4CBEE0FB1A95689500B87C6C /* Athlete 101Tests.xctest */ = {isa = PBXFileReference; explicitFileType = wrapper.cfbundle; includeInIndex = 0; path = "Athlete 101Tests.xctest"; sourceTree = BUILT_PRODUCTS_DIR; };
		4CBEE1001A95689500B87C6C /* Info.plist */ = {isa = PBXFileReference; lastKnownFileType = text.plist.xml; path = Info.plist; sourceTree = "<group>"; };
		4CBEE1011A95689500B87C6C /* Athlete_101Tests.swift */ = {isa = PBXFileReference; lastKnownFileType = sourcecode.swift; path = Athlete_101Tests.swift; sourceTree = "<group>"; };
/* End PBXFileReference section */

/* Begin PBXFrameworksBuildPhase section */
		4CBEE0E31A95689500B87C6C /* Frameworks */ = {
			isa = PBXFrameworksBuildPhase;
			buildActionMask = 2147483647;
			files = (
			);
			runOnlyForDeploymentPostprocessing = 0;
		};
		4CBEE0F81A95689500B87C6C /* Frameworks */ = {
			isa = PBXFrameworksBuildPhase;
			buildActionMask = 2147483647;
			files = (
			);
			runOnlyForDeploymentPostprocessing = 0;
		};
/* End PBXFrameworksBuildPhase section */

/* Begin PBXGroup section */
		4CBEE0DD1A95689500B87C6C = {
			isa = PBXGroup;
			children = (
				4CBEE0E81A95689500B87C6C /* Athlete 101 */,
				4CBEE0FE1A95689500B87C6C /* Athlete 101Tests */,
				4CBEE0E71A95689500B87C6C /* Products */,
			);
			sourceTree = "<group>";
		};
		4CBEE0E71A95689500B87C6C /* Products */ = {
			isa = PBXGroup;
			children = (
				4CBEE0E61A95689500B87C6C /* Athlete 101.app */,
				4CBEE0FB1A95689500B87C6C /* Athlete 101Tests.xctest */,
			);
			name = Products;
			sourceTree = "<group>";
		};
		4CBEE0E81A95689500B87C6C /* Athlete 101 */ = {
			isa = PBXGroup;
			children = (
				4CBEE0EB1A95689500B87C6C /* AppDelegate.swift */,
				4CBEE0ED1A95689500B87C6C /* ViewController.swift */,
				4CBEE0EF1A95689500B87C6C /* Main.storyboard */,
				4CBEE0F21A95689500B87C6C /* Images.xcassets */,
				4CBEE0F41A95689500B87C6C /* LaunchScreen.xib */,
				4CBEE0E91A95689500B87C6C /* Supporting Files */,
			);
			path = "Athlete 101";
			sourceTree = "<group>";
		};
		4CBEE0E91A95689500B87C6C /* Supporting Files */ = {
			isa = PBXGroup;
			children = (
				4CBEE0EA1A95689500B87C6C /* Info.plist */,
			);
			name = "Supporting Files";
			sourceTree = "<group>";
		};
		4CBEE0FE1A95689500B87C6C /* Athlete 101Tests */ = {
			isa = PBXGroup;
			children = (
				4CBEE1011A95689500B87C6C /* Athlete_101Tests.swift */,
				4CBEE0FF1A95689500B87C6C /* Supporting Files */,
			);
			path = "Athlete 101Tests";
			sourceTree = "<group>";
		};
		4CBEE0FF1A95689500B87C6C /* Supporting Files */ = {
			isa = PBXGroup;
			children = (
				4CBEE1001A95689500B87C6C /* Info.plist */,
			);
			name = "Supporting Files";
			sourceTree = "<group>";
		};
/* End PBXGroup section */

/* Begin PBXNativeTarget section */
		4CBEE0E51A95689500B87C6C /* Athlete 101 */ = {
			isa = PBXNativeTarget;
			buildConfigurationList = 4CBEE1051A95689600B87C6C /* Build configuration list for PBXNativeTarget "Athlete 101" */;
			buildPhases = (
				4CBEE0E21A95689500B87C6C /* Sources */,
				4CBEE0E31A95689500B87C6C /* Frameworks */,
				4CBEE0E41A95689500B87C6C /* Resources */,
			);
			buildRules = (
			);
			dependencies = (
			);
			name = "Athlete 101";
			productName = "Athlete 101";
			productReference = 4CBEE0E61A95689500B87C6C /* Athlete 101.app */;
			productType = "com.apple.product-type.application";
		};
		4CBEE0FA1A95689500B87C6C /* Athlete 101Tests */ = {
			isa = PBXNativeTarget;
			buildConfigurationList = 4CBEE1081A95689600B87C6C /* Build configuration list for PBXNativeTarget "Athlete 101Tests" */;
			buildPhases = (
				4CBEE0F71A95689500B87C6C /* Sources */,
				4CBEE0F81A95689500B87C6C /* Frameworks */,
				4CBEE0F91A95689500B87C6C /* Resources */,
			);
			buildRules = (
			);
			dependencies = (
				4CBEE0FD1A95689500B87C6C /* PBXTargetDependency */,
			);
			name = "Athlete 101Tests";
			productName = "Athlete 101Tests";
			productReference = 4CBEE0FB1A95689500B87C6C /* Athlete 101Tests.xctest */;
			productType = "com.apple.product-type.bundle.unit-test";
		};
/* End PBXNativeTarget section */

/* Begin PBXProject section */
		4CBEE0DE1A95689500B87C6C /* Project object */ = {
			isa = PBXProject;
			attributes = {
				LastUpgradeCheck = 0610;
				ORGANIZATIONNAME = "Kelsey Martin";
				TargetAttributes = {
					4CBEE0E51A95689500B87C6C = {
						CreatedOnToolsVersion = 6.1.1;
					};
					4CBEE0FA1A95689500B87C6C = {
						CreatedOnToolsVersion = 6.1.1;
						TestTargetID = 4CBEE0E51A95689500B87C6C;
					};
				};
			};
			buildConfigurationList = 4CBEE0E11A95689500B87C6C /* Build configuration list for PBXProject "Athlete 101" */;
			compatibilityVersion = "Xcode 3.2";
			developmentRegion = English;
			hasScannedForEncodings = 0;
			knownRegions = (
				en,
				Base,
			);
			mainGroup = 4CBEE0DD1A95689500B87C6C;
			productRefGroup = 4CBEE0E71A95689500B87C6C /* Products */;
			projectDirPath = "";
			projectRoot = "";
			targets = (
				4CBEE0E51A95689500B87C6C /* Athlete 101 */,
				4CBEE0FA1A95689500B87C6C /* Athlete 101Tests */,
			);
		};
/* End PBXProject section */

/* Begin PBXResourcesBuildPhase section */
		4CBEE0E41A95689500B87C6C /* Resources */ = {
			isa = PBXResourcesBuildPhase;
			buildActionMask = 2147483647;
			files = (
				4CBEE0F11A95689500B87C6C /* Main.storyboard in Resources */,
				4CBEE0F61A95689500B87C6C /* LaunchScreen.xib in Resources */,
				4CBEE0F31A95689500B87C6C /* Images.xcassets in Resources */,
			);
			runOnlyForDeploymentPostprocessing = 0;
		};
		4CBEE0F91A95689500B87C6C /* Resources */ = {
			isa = PBXResourcesBuildPhase;
			buildActionMask = 2147483647;
			files = (
			);
			runOnlyForDeploymentPostprocessing = 0;
		};
/* End PBXResourcesBuildPhase section */

/* Begin PBXSourcesBuildPhase section */
		4CBEE0E21A95689500B87C6C /* Sources */ = {
			isa = PBXSourcesBuildPhase;
			buildActionMask = 2147483647;
			files = (
				4CBEE0EE1A95689500B87C6C /* ViewController.swift in Sources */,
				4CBEE0EC1A95689500B87C6C /* AppDelegate.swift in Sources */,
			);
			runOnlyForDeploymentPostprocessing = 0;
		};
		4CBEE0F71A95689500B87C6C /* Sources */ = {
			isa = PBXSourcesBuildPhase;
			buildActionMask = 2147483647;
			files = (
				4CBEE1021A95689500B87C6C /* Athlete_101Tests.swift in Sources */,
			);
			runOnlyForDeploymentPostprocessing = 0;
		};
/* End PBXSourcesBuildPhase section */

/* Begin PBXTargetDependency section */
		4CBEE0FD1A95689500B87C6C /* PBXTargetDependency */ = {
			isa = PBXTargetDependency;
			target = 4CBEE0E51A95689500B87C6C /* Athlete 101 */;
			targetProxy = 4CBEE0FC1A95689500B87C6C /* PBXContainerItemProxy */;
		};
/* End PBXTargetDependency section */

/* Begin PBXVariantGroup section */
		4CBEE0EF1A95689500B87C6C /* Main.storyboard */ = {
			isa = PBXVariantGroup;
			children = (
				4CBEE0F01A95689500B87C6C /* Base */,
			);
			name = Main.storyboard;
			sourceTree = "<group>";
		};
		4CBEE0F41A95689500B87C6C /* LaunchScreen.xib */ = {
			isa = PBXVariantGroup;
			children = (
				4CBEE0F51A95689500B87C6C /* Base */,
			);
			name = LaunchScreen.xib;
			sourceTree = "<group>";
		};
/* End PBXVariantGroup section */

/* Begin XCBuildConfiguration section */
		4CBEE1031A95689600B87C6C /* Debug */ = {
			isa = XCBuildConfiguration;
			buildSettings = {
				ALWAYS_SEARCH_USER_PATHS = NO;
				CLANG_CXX_LANGUAGE_STANDARD = "gnu++0x";
				CLANG_CXX_LIBRARY = "libc++";
				CLANG_ENABLE_MODULES = YES;
				CLANG_ENABLE_OBJC_ARC = YES;
				CLANG_WARN_BOOL_CONVERSION = YES;
				CLANG_WARN_CONSTANT_CONVERSION = YES;
				CLANG_WARN_DIRECT_OBJC_ISA_USAGE = YES_ERROR;
				CLANG_WARN_EMPTY_BODY = YES;
				CLANG_WARN_ENUM_CONVERSION = YES;
				CLANG_WARN_INT_CONVERSION = YES;
				CLANG_WARN_OBJC_ROOT_CLASS = YES_ERROR;
				CLANG_WARN_UNREACHABLE_CODE = YES;
				CLANG_WARN__DUPLICATE_METHOD_MATCH = YES;
				"CODE_SIGN_IDENTITY[sdk=iphoneos*]" = "iPhone Developer";
				COPY_PHASE_STRIP = NO;
				ENABLE_STRICT_OBJC_MSGSEND = YES;
				GCC_C_LANGUAGE_STANDARD = gnu99;
				GCC_DYNAMIC_NO_PIC = NO;
				GCC_OPTIMIZATION_LEVEL = 0;
				GCC_PREPROCESSOR_DEFINITIONS = (
					"DEBUG=1",
					"$(inherited)",
				);
				GCC_SYMBOLS_PRIVATE_EXTERN = NO;
				GCC_WARN_64_TO_32_BIT_CONVERSION = YES;
				GCC_WARN_ABOUT_RETURN_TYPE = YES_ERROR;
				GCC_WARN_UNDECLARED_SELECTOR = YES;
				GCC_WARN_UNINITIALIZED_AUTOS = YES_AGGRESSIVE;
				GCC_WARN_UNUSED_FUNCTION = YES;
				GCC_WARN_UNUSED_VARIABLE = YES;
				IPHONEOS_DEPLOYMENT_TARGET = 8.1;
				MTL_ENABLE_DEBUG_INFO = YES;
				ONLY_ACTIVE_ARCH = YES;
				SDKROOT = iphoneos;
				SWIFT_OPTIMIZATION_LEVEL = "-Onone";
			};
			name = Debug;
		};
		4CBEE1041A95689600B87C6C /* Release */ = {
			isa = XCBuildConfiguration;
			buildSettings = {
				ALWAYS_SEARCH_USER_PATHS = NO;
				CLANG_CXX_LANGUAGE_STANDARD = "gnu++0x";
				CLANG_CXX_LIBRARY = "libc++";
				CLANG_ENABLE_MODULES = YES;
				CLANG_ENABLE_OBJC_ARC = YES;
				CLANG_WARN_BOOL_CONVERSION = YES;
				CLANG_WARN_CONSTANT_CONVERSION = YES;
				CLANG_WARN_DIRECT_OBJC_ISA_USAGE = YES_ERROR;
				CLANG_WARN_EMPTY_BODY = YES;
				CLANG_WARN_ENUM_CONVERSION = YES;
				CLANG_WARN_INT_CONVERSION = YES;
				CLANG_WARN_OBJC_ROOT_CLASS = YES_ERROR;
				CLANG_WARN_UNREACHABLE_CODE = YES;
				CLANG_WARN__DUPLICATE_METHOD_MATCH = YES;
				"CODE_SIGN_IDENTITY[sdk=iphoneos*]" = "iPhone Developer";
				COPY_PHASE_STRIP = YES;
				ENABLE_NS_ASSERTIONS = NO;
				ENABLE_STRICT_OBJC_MSGSEND = YES;
				GCC_C_LANGUAGE_STANDARD = gnu99;
				GCC_WARN_64_TO_32_BIT_CONVERSION = YES;
				GCC_WARN_ABOUT_RETURN_TYPE = YES_ERROR;
				GCC_WARN_UNDECLARED_SELECTOR = YES;
				GCC_WARN_UNINITIALIZED_AUTOS = YES_AGGRESSIVE;
				GCC_WARN_UNUSED_FUNCTION = YES;
				GCC_WARN_UNUSED_VARIABLE = YES;
				IPHONEOS_DEPLOYMENT_TARGET = 8.1;
				MTL_ENABLE_DEBUG_INFO = NO;
				SDKROOT = iphoneos;
				VALIDATE_PRODUCT = YES;
			};
			name = Release;
		};
		4CBEE1061A95689600B87C6C /* Debug */ = {
			isa = XCBuildConfiguration;
			buildSettings = {
				ASSETCATALOG_COMPILER_APPICON_NAME = AppIcon;
				INFOPLIST_FILE = "Athlete 101/Info.plist";
				LD_RUNPATH_SEARCH_PATHS = "$(inherited) @executable_path/Frameworks";
				PRODUCT_NAME = "$(TARGET_NAME)";
			};
			name = Debug;
		};
		4CBEE1071A95689600B87C6C /* Release */ = {
			isa = XCBuildConfiguration;
			buildSettings = {
				ASSETCATALOG_COMPILER_APPICON_NAME = AppIcon;
				INFOPLIST_FILE = "Athlete 101/Info.plist";
				LD_RUNPATH_SEARCH_PATHS = "$(inherited) @executable_path/Frameworks";
				PRODUCT_NAME = "$(TARGET_NAME)";
			};
			name = Release;
		};
		4CBEE1091A95689600B87C6C /* Debug */ = {
			isa = XCBuildConfiguration;
			buildSettings = {
				BUNDLE_LOADER = "$(TEST_HOST)";
				FRAMEWORK_SEARCH_PATHS = (
					"$(SDKROOT)/Developer/Library/Frameworks",
					"$(inherited)",
				);
				GCC_PREPROCESSOR_DEFINITIONS = (
					"DEBUG=1",
					"$(inherited)",
				);
				INFOPLIST_FILE = "Athlete 101Tests/Info.plist";
				LD_RUNPATH_SEARCH_PATHS = "$(inherited) @executable_path/Frameworks @loader_path/Frameworks";
				PRODUCT_NAME = "$(TARGET_NAME)";
				TEST_HOST = "$(BUILT_PRODUCTS_DIR)/Athlete 101.app/Athlete 101";
			};
			name = Debug;
		};
		4CBEE10A1A95689600B87C6C /* Release */ = {
			isa = XCBuildConfiguration;
			buildSettings = {
				BUNDLE_LOADER = "$(TEST_HOST)";
				FRAMEWORK_SEARCH_PATHS = (
					"$(SDKROOT)/Developer/Library/Frameworks",
					"$(inherited)",
				);
				INFOPLIST_FILE = "Athlete 101Tests/Info.plist";
				LD_RUNPATH_SEARCH_PATHS = "$(inherited) @executable_path/Frameworks @loader_path/Frameworks";
				PRODUCT_NAME = "$(TARGET_NAME)";
				TEST_HOST = "$(BUILT_PRODUCTS_DIR)/Athlete 101.app/Athlete 101";
			};
			name = Release;
		};
/* End XCBuildConfiguration section */

/* Begin XCConfigurationList section */
		4CBEE0E11A95689500B87C6C /* Build configuration list for PBXProject "Athlete 101" */ = {
			isa = XCConfigurationList;
			buildConfigurations = (
				4CBEE1031A95689600B87C6C /* Debug */,
				4CBEE1041A95689600B87C6C /* Release */,
			);
			defaultConfigurationIsVisible = 0;
			defaultConfigurationName = Release;
		};
		4CBEE1051A95689600B87C6C /* Build configuration list for PBXNativeTarget "Athlete 101" */ = {
			isa = XCConfigurationList;
			buildConfigurations = (
				4CBEE1061A95689600B87C6C /* Debug */,
				4CBEE1071A95689600B87C6C /* Release */,
			);
			defaultConfigurationIsVisible = 0;
		};
		4CBEE1081A95689600B87C6C /* Build configuration list for PBXNativeTarget "Athlete 101Tests" */ = {
			isa = XCConfigurationList;
			buildConfigurations = (
				4CBEE1091A95689600B87C6C /* Debug */,
				4CBEE10A1A95689600B87C6C /* Release */,
			);
			defaultConfigurationIsVisible = 0;
		};
/* End XCConfigurationList section */
	};
	rootObject = 4CBEE0DE1A95689500B87C6C /* Project object */;
}
